
Microsoft Visual Studio Solution File, Format Version 12.00
# Visual Studio Version 17
VisualStudioVersion = 17.5.002.0
MinimumVisualStudioVersion = 10.0.40219.1
Project("{9A19103F-16F7-4668-BE54-9A1E7A4F7556}") = "Atividade", "Atividade.csproj", "{3BBCB925-25D6-45CB-B8F4-6297583DCC54}"
EndProject
Global
	GlobalSection(SolutionConfigurationPlatforms) = preSolution
		Debug|Any CPU = Debug|Any CPU
		Release|Any CPU = Release|Any CPU
	EndGlobalSection
	GlobalSection(ProjectConfigurationPlatforms) = postSolution
		{3BBCB925-25D6-45CB-B8F4-6297583DCC54}.Debug|Any CPU.ActiveCfg = Debug|Any CPU
		{3BBCB925-25D6-45CB-B8F4-6297583DCC54}.Debug|Any CPU.Build.0 = Debug|Any CPU
		{3BBCB925-25D6-45CB-B8F4-6297583DCC54}.Release|Any CPU.ActiveCfg = Release|Any CPU
		{3BBCB925-25D6-45CB-B8F4-6297583DCC54}.Release|Any CPU.Build.0 = Release|Any CPU
	EndGlobalSection
	GlobalSection(SolutionProperties) = preSolution
		HideSolutionNode = FALSE
	EndGlobalSection
	GlobalSection(ExtensibilityGlobals) = postSolution
		SolutionGuid = {CAEB73C0-C707-4D2A-8D8D-5EBE45B80969}
	EndGlobalSection
EndGlobal
